{
  "name": "ontologai",
  "lockfileVersion": 2,
  "requires": true,
  "packages": {
    "": {
      "dependencies": {
        "@viz-js/lang-dot": "^1.0.4",
        "@viz-js/viz": "^3.2.4"
      }
    },
    "node_modules/@codemirror/language": {
      "version": "6.10.1",
      "resolved": "https://registry.npmjs.org/@codemirror/language/-/language-6.10.1.tgz",
      "integrity": "sha512-5GrXzrhq6k+gL5fjkAwt90nYDmjlzTIJV8THnxNFtNKWotMIlzzN+CpqxqwXOECnUdOndmSeWntVrVcv5axWRQ==",
      "dependencies": {
        "@codemirror/state": "^6.0.0",
        "@codemirror/view": "^6.23.0",
        "@lezer/common": "^1.1.0",
        "@lezer/highlight": "^1.0.0",
        "@lezer/lr": "^1.0.0",
        "style-mod": "^4.0.0"
      }
    },
    "node_modules/@codemirror/state": {
      "version": "6.4.0",
      "resolved": "https://registry.npmjs.org/@codemirror/state/-/state-6.4.0.tgz",
      "integrity": "sha512-hm8XshYj5Fo30Bb922QX9hXB/bxOAVH+qaqHBzw5TKa72vOeslyGwd4X8M0c1dJ9JqxlaMceOQ8RsL9tC7gU0A=="
    },
    "node_modules/@codemirror/view": {
      "version": "6.24.0",
      "resolved": "https://registry.npmjs.org/@codemirror/view/-/view-6.24.0.tgz",
      "integrity": "sha512-zK6m5pNkdhdJl8idPP1gA4N8JKTiSsOz8U/Iw+C1ChMwyLG7+MLiNXnH/wFuAk6KeGEe33/adOiAh5jMqee03w==",
      "dependencies": {
        "@codemirror/state": "^6.4.0",
        "style-mod": "^4.1.0",
        "w3c-keyname": "^2.2.4"
      }
    },
    "node_modules/@lezer/common": {
      "version": "1.2.1",
      "resolved": "https://registry.npmjs.org/@lezer/common/-/common-1.2.1.tgz",
      "integrity": "sha512-yemX0ZD2xS/73llMZIK6KplkjIjf2EvAHcinDi/TfJ9hS25G0388+ClHt6/3but0oOxinTcQHJLDXh6w1crzFQ=="
    },
    "node_modules/@lezer/highlight": {
      "version": "1.2.0",
      "resolved": "https://registry.npmjs.org/@lezer/highlight/-/highlight-1.2.0.tgz",
      "integrity": "sha512-WrS5Mw51sGrpqjlh3d4/fOwpEV2Hd3YOkp9DBt4k8XZQcoTHZFB7sx030A6OcahF4J1nDQAa3jXlTVVYH50IFA==",
      "dependencies": {
        "@lezer/common": "^1.0.0"
      }
    },
    "node_modules/@lezer/lr": {
      "version": "1.4.0",
      "resolved": "https://registry.npmjs.org/@lezer/lr/-/lr-1.4.0.tgz",
      "integrity": "sha512-Wst46p51km8gH0ZUmeNrtpRYmdlRHUpN1DQd3GFAyKANi8WVz8c2jHYTf1CVScFaCjQw1iO3ZZdqGDxQPRErTg==",
      "dependencies": {
        "@lezer/common": "^1.0.0"
      }
    },
    "node_modules/@lezer/xml": {
      "version": "1.0.4",
      "resolved": "https://registry.npmjs.org/@lezer/xml/-/xml-1.0.4.tgz",
      "integrity": "sha512-WmXKb5eX8+rRfZYSNRR5TPee/ZoDgBdVS/rj1VCJGDKa5gNldIctQYibCoFVyNhvZsyL/8nHbZJZPM4gnXN2Vw==",
      "dependencies": {
        "@lezer/common": "^1.2.0",
        "@lezer/highlight": "^1.0.0",
        "@lezer/lr": "^1.0.0"
      }
    },
    "node_modules/@viz-js/lang-dot": {
      "version": "1.0.4",
      "resolved": "https://registry.npmjs.org/@viz-js/lang-dot/-/lang-dot-1.0.4.tgz",
      "integrity": "sha512-429ck5wTMDzzFjX5QAQfamNp1MZwAti3PV0k6mnC7H50sZYjo5qloTl/mwz7parc8DlqkTU2nOQ+RRIsHMM/Tg==",
      "dependencies": {
        "@codemirror/language": "^6.8.0",
        "@lezer/common": "^1.0.3",
        "@lezer/highlight": "^1.1.6",
        "@lezer/xml": "^1.0.2"
      }
    },
    "node_modules/@viz-js/viz": {
      "version": "3.2.4",
      "resolved": "https://registry.npmjs.org/@viz-js/viz/-/viz-3.2.4.tgz",
      "integrity": "sha512-lKW4a5xVuNV1Ku5it063+ewbgW5d2duNUHdkWM3N4KRxAbTevariXIsO4qy/EReZrZdHGOa4an0N/UaK2mzbRA=="
    },
    "node_modules/style-mod": {
      "version": "4.1.0",
      "resolved": "https://registry.npmjs.org/style-mod/-/style-mod-4.1.0.tgz",
      "integrity": "sha512-Ca5ib8HrFn+f+0n4N4ScTIA9iTOQ7MaGS1ylHcoVqW9J7w2w8PzN6g9gKmTYgGEBH8e120+RCmhpje6jC5uGWA=="
    },
    "node_modules/w3c-keyname": {
      "version": "2.2.8",
      "resolved": "https://registry.npmjs.org/w3c-keyname/-/w3c-keyname-2.2.8.tgz",
      "integrity": "sha512-dpojBhNsCNN7T82Tm7k26A6G9ML3NkhDsnw9n/eoxSRlVBB4CEtIQ/KTCLI2Fwf3ataSXRhYFkQi3SlnFwPvPQ=="
    }
  },
  "dependencies": {
    "@codemirror/language": {
      "version": "6.10.1",
      "resolved": "https://registry.npmjs.org/@codemirror/language/-/language-6.10.1.tgz",
      "integrity": "sha512-5GrXzrhq6k+gL5fjkAwt90nYDmjlzTIJV8THnxNFtNKWotMIlzzN+CpqxqwXOECnUdOndmSeWntVrVcv5axWRQ==",
      "requires": {
        "@codemirror/state": "^6.0.0",
        "@codemirror/view": "^6.23.0",
        "@lezer/common": "^1.1.0",
        "@lezer/highlight": "^1.0.0",
        "@lezer/lr": "^1.0.0",
        "style-mod": "^4.0.0"
      }
    },
    "@codemirror/state": {
      "version": "6.4.0",
      "resolved": "https://registry.npmjs.org/@codemirror/state/-/state-6.4.0.tgz",
      "integrity": "sha512-hm8XshYj5Fo30Bb922QX9hXB/bxOAVH+qaqHBzw5TKa72vOeslyGwd4X8M0c1dJ9JqxlaMceOQ8RsL9tC7gU0A=="
    },
    "@codemirror/view": {
      "version": "6.24.0",
      "resolved": "https://registry.npmjs.org/@codemirror/view/-/view-6.24.0.tgz",
      "integrity": "sha512-zK6m5pNkdhdJl8idPP1gA4N8JKTiSsOz8U/Iw+C1ChMwyLG7+MLiNXnH/wFuAk6KeGEe33/adOiAh5jMqee03w==",
      "requires": {
        "@codemirror/state": "^6.4.0",
        "style-mod": "^4.1.0",
        "w3c-keyname": "^2.2.4"
      }
    },
    "@lezer/common": {
      "version": "1.2.1",
      "resolved": "https://registry.npmjs.org/@lezer/common/-/common-1.2.1.tgz",
      "integrity": "sha512-yemX0ZD2xS/73llMZIK6KplkjIjf2EvAHcinDi/TfJ9hS25G0388+ClHt6/3but0oOxinTcQHJLDXh6w1crzFQ=="
    },
    "@lezer/highlight": {
      "version": "1.2.0",
      "resolved": "https://registry.npmjs.org/@lezer/highlight/-/highlight-1.2.0.tgz",
      "integrity": "sha512-WrS5Mw51sGrpqjlh3d4/fOwpEV2Hd3YOkp9DBt4k8XZQcoTHZFB7sx030A6OcahF4J1nDQAa3jXlTVVYH50IFA==",
      "requires": {
        "@lezer/common": "^1.0.0"
      }
    },
    "@lezer/lr": {
      "version": "1.4.0",
      "resolved": "https://registry.npmjs.org/@lezer/lr/-/lr-1.4.0.tgz",
      "integrity": "sha512-Wst46p51km8gH0ZUmeNrtpRYmdlRHUpN1DQd3GFAyKANi8WVz8c2jHYTf1CVScFaCjQw1iO3ZZdqGDxQPRErTg==",
      "requires": {
        "@lezer/common": "^1.0.0"
      }
    },
    "@lezer/xml": {
      "version": "1.0.4",
      "resolved": "https://registry.npmjs.org/@lezer/xml/-/xml-1.0.4.tgz",
      "integrity": "sha512-WmXKb5eX8+rRfZYSNRR5TPee/ZoDgBdVS/rj1VCJGDKa5gNldIctQYibCoFVyNhvZsyL/8nHbZJZPM4gnXN2Vw==",
      "requires": {
        "@lezer/common": "^1.2.0",
        "@lezer/highlight": "^1.0.0",
        "@lezer/lr": "^1.0.0"
      }
    },
    "@viz-js/lang-dot": {
      "version": "1.0.4",
      "resolved": "https://registry.npmjs.org/@viz-js/lang-dot/-/lang-dot-1.0.4.tgz",
      "integrity": "sha512-429ck5wTMDzzFjX5QAQfamNp1MZwAti3PV0k6mnC7H50sZYjo5qloTl/mwz7parc8DlqkTU2nOQ+RRIsHMM/Tg==",
      "requires": {
        "@codemirror/language": "^6.8.0",
        "@lezer/common": "^1.0.3",
        "@lezer/highlight": "^1.1.6",
        "@lezer/xml": "^1.0.2"
      }
    },
    "@viz-js/viz": {
      "version": "3.2.4",
      "resolved": "https://registry.npmjs.org/@viz-js/viz/-/viz-3.2.4.tgz",
      "integrity": "sha512-lKW4a5xVuNV1Ku5it063+ewbgW5d2duNUHdkWM3N4KRxAbTevariXIsO4qy/EReZrZdHGOa4an0N/UaK2mzbRA=="
    },
    "style-mod": {
      "version": "4.1.0",
      "resolved": "https://registry.npmjs.org/style-mod/-/style-mod-4.1.0.tgz",
      "integrity": "sha512-Ca5ib8HrFn+f+0n4N4ScTIA9iTOQ7MaGS1ylHcoVqW9J7w2w8PzN6g9gKmTYgGEBH8e120+RCmhpje6jC5uGWA=="
    },
    "w3c-keyname": {
      "version": "2.2.8",
      "resolved": "https://registry.npmjs.org/w3c-keyname/-/w3c-keyname-2.2.8.tgz",
      "integrity": "sha512-dpojBhNsCNN7T82Tm7k26A6G9ML3NkhDsnw9n/eoxSRlVBB4CEtIQ/KTCLI2Fwf3ataSXRhYFkQi3SlnFwPvPQ=="
    }
  }
}
