{
  "name": "ontologai",
  "lockfileVersion": 2,
  "requires": true,
  "packages": {
    "": {
      "dependencies": {
        "@viz-js/lang-dot": "^1.0.4",
        "@viz-js/viz": "^3.2.4",
        "js-3d-model-viewer": "^0.2.2",
        "three": "^0.161.0"
      }
    },
    "node_modules/@codemirror/language": {
      "version": "6.10.1",
      "resolved": "https://registry.npmjs.org/@codemirror/language/-/language-6.10.1.tgz",
      "integrity": "sha512-5GrXzrhq6k+gL5fjkAwt90nYDmjlzTIJV8THnxNFtNKWotMIlzzN+CpqxqwXOECnUdOndmSeWntVrVcv5axWRQ==",
      "dependencies": {
        "@codemirror/state": "^6.0.0",
        "@codemirror/view": "^6.23.0",
        "@lezer/common": "^1.1.0",
        "@lezer/highlight": "^1.0.0",
        "@lezer/lr": "^1.0.0",
        "style-mod": "^4.0.0"
      }
    },
    "node_modules/@codemirror/state": {
      "version": "6.4.0",
      "resolved": "https://registry.npmjs.org/@codemirror/state/-/state-6.4.0.tgz",
      "integrity": "sha512-hm8XshYj5Fo30Bb922QX9hXB/bxOAVH+qaqHBzw5TKa72vOeslyGwd4X8M0c1dJ9JqxlaMceOQ8RsL9tC7gU0A=="
    },
    "node_modules/@codemirror/view": {
      "version": "6.23.1",
      "resolved": "https://registry.npmjs.org/@codemirror/view/-/view-6.23.1.tgz",
      "integrity": "sha512-J2Xnn5lFYT1ZN/5ewEoMBCmLlL71lZ3mBdb7cUEuHhX2ESoSrNEucpsDXpX22EuTGm9LOgC9v4Z0wx+Ez8QmGA==",
      "dependencies": {
        "@codemirror/state": "^6.4.0",
        "style-mod": "^4.1.0",
        "w3c-keyname": "^2.2.4"
      }
    },
    "node_modules/@lezer/common": {
      "version": "1.2.1",
      "resolved": "https://registry.npmjs.org/@lezer/common/-/common-1.2.1.tgz",
      "integrity": "sha512-yemX0ZD2xS/73llMZIK6KplkjIjf2EvAHcinDi/TfJ9hS25G0388+ClHt6/3but0oOxinTcQHJLDXh6w1crzFQ=="
    },
    "node_modules/@lezer/highlight": {
      "version": "1.2.0",
      "resolved": "https://registry.npmjs.org/@lezer/highlight/-/highlight-1.2.0.tgz",
      "integrity": "sha512-WrS5Mw51sGrpqjlh3d4/fOwpEV2Hd3YOkp9DBt4k8XZQcoTHZFB7sx030A6OcahF4J1nDQAa3jXlTVVYH50IFA==",
      "dependencies": {
        "@lezer/common": "^1.0.0"
      }
    },
    "node_modules/@lezer/lr": {
      "version": "1.4.0",
      "resolved": "https://registry.npmjs.org/@lezer/lr/-/lr-1.4.0.tgz",
      "integrity": "sha512-Wst46p51km8gH0ZUmeNrtpRYmdlRHUpN1DQd3GFAyKANi8WVz8c2jHYTf1CVScFaCjQw1iO3ZZdqGDxQPRErTg==",
      "dependencies": {
        "@lezer/common": "^1.0.0"
      }
    },
    "node_modules/@lezer/xml": {
      "version": "1.0.4",
      "resolved": "https://registry.npmjs.org/@lezer/xml/-/xml-1.0.4.tgz",
      "integrity": "sha512-WmXKb5eX8+rRfZYSNRR5TPee/ZoDgBdVS/rj1VCJGDKa5gNldIctQYibCoFVyNhvZsyL/8nHbZJZPM4gnXN2Vw==",
      "dependencies": {
        "@lezer/common": "^1.2.0",
        "@lezer/highlight": "^1.0.0",
        "@lezer/lr": "^1.0.0"
      }
    },
    "node_modules/@viz-js/lang-dot": {
      "version": "1.0.4",
      "resolved": "https://registry.npmjs.org/@viz-js/lang-dot/-/lang-dot-1.0.4.tgz",
      "integrity": "sha512-429ck5wTMDzzFjX5QAQfamNp1MZwAti3PV0k6mnC7H50sZYjo5qloTl/mwz7parc8DlqkTU2nOQ+RRIsHMM/Tg==",
      "dependencies": {
        "@codemirror/language": "^6.8.0",
        "@lezer/common": "^1.0.3",
        "@lezer/highlight": "^1.1.6",
        "@lezer/xml": "^1.0.2"
      }
    },
    "node_modules/@viz-js/viz": {
      "version": "3.2.4",
      "resolved": "https://registry.npmjs.org/@viz-js/viz/-/viz-3.2.4.tgz",
      "integrity": "sha512-lKW4a5xVuNV1Ku5it063+ewbgW5d2duNUHdkWM3N4KRxAbTevariXIsO4qy/EReZrZdHGOa4an0N/UaK2mzbRA=="
    },
    "node_modules/js-3d-model-viewer": {
      "version": "0.2.2",
      "resolved": "https://registry.npmjs.org/js-3d-model-viewer/-/js-3d-model-viewer-0.2.2.tgz",
      "integrity": "sha512-j3l5lDy3S7Ub4mnCp1xMqhM+dkGeD/yX5SAZ4T4taLUolVZpmUvPjt5Fa0cs0mahfQRZ/fBS/Y4UmMR+7ECQJA==",
      "dependencies": {
        "three": "0.148.0",
        "three-orbit-controls": "^82.1.0"
      }
    },
    "node_modules/js-3d-model-viewer/node_modules/three": {
      "version": "0.148.0",
      "resolved": "https://registry.npmjs.org/three/-/three-0.148.0.tgz",
      "integrity": "sha512-8uzVV+qhTPi0bOFs/3te3RW6hb3urL8jYEl6irjCWo/l6sr8MPNMcClFev/MMYeIxr0gmDcoXTy/8LXh/LXkfw=="
    },
    "node_modules/style-mod": {
      "version": "4.1.0",
      "resolved": "https://registry.npmjs.org/style-mod/-/style-mod-4.1.0.tgz",
      "integrity": "sha512-Ca5ib8HrFn+f+0n4N4ScTIA9iTOQ7MaGS1ylHcoVqW9J7w2w8PzN6g9gKmTYgGEBH8e120+RCmhpje6jC5uGWA=="
    },
    "node_modules/three": {
      "version": "0.161.0",
      "resolved": "https://registry.npmjs.org/three/-/three-0.161.0.tgz",
      "integrity": "sha512-LC28VFtjbOyEu5b93K0bNRLw1rQlMJ85lilKsYj6dgTu+7i17W+JCCEbvrpmNHF1F3NAUqDSWq50UD7w9H2xQw=="
    },
    "node_modules/three-orbit-controls": {
      "version": "82.1.0",
      "resolved": "https://registry.npmjs.org/three-orbit-controls/-/three-orbit-controls-82.1.0.tgz",
      "integrity": "sha512-hIWxGoHqIbeq0S2lA14m9VRzo7SamKKVJ9mKMT/rdh0Qa3nV5Umvhlx4zsHl0Y6jLKVZhjatJfeD/K08Tr/g4A=="
    },
    "node_modules/w3c-keyname": {
      "version": "2.2.8",
      "resolved": "https://registry.npmjs.org/w3c-keyname/-/w3c-keyname-2.2.8.tgz",
      "integrity": "sha512-dpojBhNsCNN7T82Tm7k26A6G9ML3NkhDsnw9n/eoxSRlVBB4CEtIQ/KTCLI2Fwf3ataSXRhYFkQi3SlnFwPvPQ=="
    }
  },
  "dependencies": {
    "@codemirror/language": {
      "version": "6.10.1",
      "resolved": "https://registry.npmjs.org/@codemirror/language/-/language-6.10.1.tgz",
      "integrity": "sha512-5GrXzrhq6k+gL5fjkAwt90nYDmjlzTIJV8THnxNFtNKWotMIlzzN+CpqxqwXOECnUdOndmSeWntVrVcv5axWRQ==",
      "requires": {
        "@codemirror/state": "^6.0.0",
        "@codemirror/view": "^6.23.0",
        "@lezer/common": "^1.1.0",
        "@lezer/highlight": "^1.0.0",
        "@lezer/lr": "^1.0.0",
        "style-mod": "^4.0.0"
      }
    },
    "@codemirror/state": {
      "version": "6.4.0",
      "resolved": "https://registry.npmjs.org/@codemirror/state/-/state-6.4.0.tgz",
      "integrity": "sha512-hm8XshYj5Fo30Bb922QX9hXB/bxOAVH+qaqHBzw5TKa72vOeslyGwd4X8M0c1dJ9JqxlaMceOQ8RsL9tC7gU0A=="
    },
    "@codemirror/view": {
      "version": "6.23.1",
      "resolved": "https://registry.npmjs.org/@codemirror/view/-/view-6.23.1.tgz",
      "integrity": "sha512-J2Xnn5lFYT1ZN/5ewEoMBCmLlL71lZ3mBdb7cUEuHhX2ESoSrNEucpsDXpX22EuTGm9LOgC9v4Z0wx+Ez8QmGA==",
      "requires": {
        "@codemirror/state": "^6.4.0",
        "style-mod": "^4.1.0",
        "w3c-keyname": "^2.2.4"
      }
    },
    "@lezer/common": {
      "version": "1.2.1",
      "resolved": "https://registry.npmjs.org/@lezer/common/-/common-1.2.1.tgz",
      "integrity": "sha512-yemX0ZD2xS/73llMZIK6KplkjIjf2EvAHcinDi/TfJ9hS25G0388+ClHt6/3but0oOxinTcQHJLDXh6w1crzFQ=="
    },
    "@lezer/highlight": {
      "version": "1.2.0",
      "resolved": "https://registry.npmjs.org/@lezer/highlight/-/highlight-1.2.0.tgz",
      "integrity": "sha512-WrS5Mw51sGrpqjlh3d4/fOwpEV2Hd3YOkp9DBt4k8XZQcoTHZFB7sx030A6OcahF4J1nDQAa3jXlTVVYH50IFA==",
      "requires": {
        "@lezer/common": "^1.0.0"
      }
    },
    "@lezer/lr": {
      "version": "1.4.0",
      "resolved": "https://registry.npmjs.org/@lezer/lr/-/lr-1.4.0.tgz",
      "integrity": "sha512-Wst46p51km8gH0ZUmeNrtpRYmdlRHUpN1DQd3GFAyKANi8WVz8c2jHYTf1CVScFaCjQw1iO3ZZdqGDxQPRErTg==",
      "requires": {
        "@lezer/common": "^1.0.0"
      }
    },
    "@lezer/xml": {
      "version": "1.0.4",
      "resolved": "https://registry.npmjs.org/@lezer/xml/-/xml-1.0.4.tgz",
      "integrity": "sha512-WmXKb5eX8+rRfZYSNRR5TPee/ZoDgBdVS/rj1VCJGDKa5gNldIctQYibCoFVyNhvZsyL/8nHbZJZPM4gnXN2Vw==",
      "requires": {
        "@lezer/common": "^1.2.0",
        "@lezer/highlight": "^1.0.0",
        "@lezer/lr": "^1.0.0"
      }
    },
    "@viz-js/lang-dot": {
      "version": "1.0.4",
      "resolved": "https://registry.npmjs.org/@viz-js/lang-dot/-/lang-dot-1.0.4.tgz",
      "integrity": "sha512-429ck5wTMDzzFjX5QAQfamNp1MZwAti3PV0k6mnC7H50sZYjo5qloTl/mwz7parc8DlqkTU2nOQ+RRIsHMM/Tg==",
      "requires": {
        "@codemirror/language": "^6.8.0",
        "@lezer/common": "^1.0.3",
        "@lezer/highlight": "^1.1.6",
        "@lezer/xml": "^1.0.2"
      }
    },
    "@viz-js/viz": {
      "version": "3.2.4",
      "resolved": "https://registry.npmjs.org/@viz-js/viz/-/viz-3.2.4.tgz",
      "integrity": "sha512-lKW4a5xVuNV1Ku5it063+ewbgW5d2duNUHdkWM3N4KRxAbTevariXIsO4qy/EReZrZdHGOa4an0N/UaK2mzbRA=="
    },
    "js-3d-model-viewer": {
      "version": "0.2.2",
      "resolved": "https://registry.npmjs.org/js-3d-model-viewer/-/js-3d-model-viewer-0.2.2.tgz",
      "integrity": "sha512-j3l5lDy3S7Ub4mnCp1xMqhM+dkGeD/yX5SAZ4T4taLUolVZpmUvPjt5Fa0cs0mahfQRZ/fBS/Y4UmMR+7ECQJA==",
      "requires": {
        "three": "0.148.0",
        "three-orbit-controls": "^82.1.0"
      },
      "dependencies": {
        "three": {
          "version": "0.148.0",
          "resolved": "https://registry.npmjs.org/three/-/three-0.148.0.tgz",
          "integrity": "sha512-8uzVV+qhTPi0bOFs/3te3RW6hb3urL8jYEl6irjCWo/l6sr8MPNMcClFev/MMYeIxr0gmDcoXTy/8LXh/LXkfw=="
        }
      }
    },
    "style-mod": {
      "version": "4.1.0",
      "resolved": "https://registry.npmjs.org/style-mod/-/style-mod-4.1.0.tgz",
      "integrity": "sha512-Ca5ib8HrFn+f+0n4N4ScTIA9iTOQ7MaGS1ylHcoVqW9J7w2w8PzN6g9gKmTYgGEBH8e120+RCmhpje6jC5uGWA=="
    },
    "three": {
      "version": "0.161.0",
      "resolved": "https://registry.npmjs.org/three/-/three-0.161.0.tgz",
      "integrity": "sha512-LC28VFtjbOyEu5b93K0bNRLw1rQlMJ85lilKsYj6dgTu+7i17W+JCCEbvrpmNHF1F3NAUqDSWq50UD7w9H2xQw=="
    },
    "three-orbit-controls": {
      "version": "82.1.0",
      "resolved": "https://registry.npmjs.org/three-orbit-controls/-/three-orbit-controls-82.1.0.tgz",
      "integrity": "sha512-hIWxGoHqIbeq0S2lA14m9VRzo7SamKKVJ9mKMT/rdh0Qa3nV5Umvhlx4zsHl0Y6jLKVZhjatJfeD/K08Tr/g4A=="
    },
    "w3c-keyname": {
      "version": "2.2.8",
      "resolved": "https://registry.npmjs.org/w3c-keyname/-/w3c-keyname-2.2.8.tgz",
      "integrity": "sha512-dpojBhNsCNN7T82Tm7k26A6G9ML3NkhDsnw9n/eoxSRlVBB4CEtIQ/KTCLI2Fwf3ataSXRhYFkQi3SlnFwPvPQ=="
    }
  }
}
